Microsoft Visual Studio Solution File, Format Version 12.00
# Visual Studio Version 17
VisualStudioVersion = 17.5.2.0
MinimumVisualStudioVersion = 10.0.40219.1
Project("{FAE04EC0-301F-11D3-BF4B-00C04F79EFBC}") = "GraphQLCrud", "GraphQLCrud.csproj", "{CD06642A-0BA3-1072-D6B3-4563BF35877B}"
EndProject
Global
	GlobalSection(SolutionConfigurationPlatforms) = preSolution
		Debug|Any CPU = Debug|Any CPU
		Release|Any CPU = Release|Any CPU
	EndGlobalSection
	GlobalSection(ProjectConfigurationPlatforms) = postSolution
		{CD06642A-0BA3-1072-D6B3-4563BF35877B}.Debug|Any CPU.ActiveCfg = Debug|Any CPU
		{CD06642A-0BA3-1072-D6B3-4563BF35877B}.Debug|Any CPU.Build.0 = Debug|Any CPU
		{CD06642A-0BA3-1072-D6B3-4563BF35877B}.Release|Any CPU.ActiveCfg = Release|Any CPU
		{CD06642A-0BA3-1072-D6B3-4563BF35877B}.Release|Any CPU.Build.0 = Release|Any CPU
	EndGlobalSection
	GlobalSection(SolutionProperties) = preSolution
		HideSolutionNode = FALSE
	EndGlobalSection
	GlobalSection(ExtensibilityGlobals) = postSolution
		SolutionGuid = {32AFDC0B-7E33-44F0-A6AE-BF88746A2266}
	EndGlobalSection
EndGlobal
